
Microsoft Visual Studio Solution File, Format Version 12.00
# Visual Studio Version 17
VisualStudioVersion = 17.8.34330.188
MinimumVisualStudioVersion = 10.0.40219.1
Project("{8BC9CEB8-8B4A-11D0-8D11-00A0C91BC942}") = "2023_12_16-2", "2023_12_16-2.vcxproj", "{CF2D040F-969B-4234-8F5B-E23AE5B91366}"
EndProject
Global
	GlobalSection(SolutionConfigurationPlatforms) = preSolution
		Debug|x64 = Debug|x64
		Debug|x86 = Debug|x86
		Release|x64 = Release|x64
		Release|x86 = Release|x86
	EndGlobalSection
	GlobalSection(ProjectConfigurationPlatforms) = postSolution
		{CF2D040F-969B-4234-8F5B-E23AE5B91366}.Debug|x64.ActiveCfg = Debug|x64
		{CF2D040F-969B-4234-8F5B-E23AE5B91366}.Debug|x64.Build.0 = Debug|x64
		{CF2D040F-969B-4234-8F5B-E23AE5B91366}.Debug|x86.ActiveCfg = Debug|Win32
		{CF2D040F-969B-4234-8F5B-E23AE5B91366}.Debug|x86.Build.0 = Debug|Win32
		{CF2D040F-969B-4234-8F5B-E23AE5B91366}.Release|x64.ActiveCfg = Release|x64
		{CF2D040F-969B-4234-8F5B-E23AE5B91366}.Release|x64.Build.0 = Release|x64
		{CF2D040F-969B-4234-8F5B-E23AE5B91366}.Release|x86.ActiveCfg = Release|Win32
		{CF2D040F-969B-4234-8F5B-E23AE5B91366}.Release|x86.Build.0 = Release|Win32
	EndGlobalSection
	GlobalSection(SolutionProperties) = preSolution
		HideSolutionNode = FALSE
	EndGlobalSection
	GlobalSection(ExtensibilityGlobals) = postSolution
		SolutionGuid = {D2FB98D1-6AEA-4BCB-BCB1-C3DC95657122}
	EndGlobalSection
EndGlobal
